// !$*UTF8*$!
{
	archiveVersion = 1;
	classes = {
	};
	objectVersion = 46;
	objects = {

/* Begin PBXBuildFile section */
		2326959B1EAF9E96003E8C57 /* AppDelegate.swift in Sources */ = {isa = PBXBuildFile; fileRef = 2326959A1EAF9E96003E8C57 /* AppDelegate.swift */; };
		2326959D1EAF9E96003E8C57 /* ViewController.swift in Sources */ = {isa = PBXBuildFile; fileRef = 2326959C1EAF9E96003E8C57 /* ViewController.swift */; };
		232695A01EAF9E96003E8C57 /* Main.storyboard in Resources */ = {isa = PBXBuildFile; fileRef = 2326959E1EAF9E96003E8C57 /* Main.storyboard */; };
		232695A21EAF9E96003E8C57 /* Assets.xcassets in Resources */ = {isa = PBXBuildFile; fileRef = 232695A11EAF9E96003E8C57 /* Assets.xcassets */; };
		232695A51EAF9E96003E8C57 /* LaunchScreen.storyboard in Resources */ = {isa = PBXBuildFile; fileRef = 232695A31EAF9E96003E8C57 /* LaunchScreen.storyboard */; };
		232695B01EAF9E96003E8C57 /* DJISimulatorExampleTests.swift in Sources */ = {isa = PBXBuildFile; fileRef = 232695AF1EAF9E96003E8C57 /* DJISimulatorExampleTests.swift */; };
		23DB37BA1EB0F883001468F9 /* VideoPreviewer.framework in Frameworks */ = {isa = PBXBuildFile; fileRef = 23DB37B91EB0F866001468F9 /* VideoPreviewer.framework */; };
		23DB37BB1EB0F883001468F9 /* VideoPreviewer.framework in Embed Frameworks */ = {isa = PBXBuildFile; fileRef = 23DB37B91EB0F866001468F9 /* VideoPreviewer.framework */; settings = {ATTRIBUTES = (CodeSignOnCopy, RemoveHeadersOnCopy, ); }; };
		23DB37C11EB115F0001468F9 /* ProductCommunicationManager.swift in Sources */ = {isa = PBXBuildFile; fileRef = 23DB37C01EB115F0001468F9 /* ProductCommunicationManager.swift */; };
		6D10710D1EE56EED00AFA377 /* GoogleService-Info.plist in Resources */ = {isa = PBXBuildFile; fileRef = 6D10710C1EE56EED00AFA377 /* GoogleService-Info.plist */; };
		71471C691EDD7F1600DA1858 /* Waypoint+Firebase.swift in Sources */ = {isa = PBXBuildFile; fileRef = 71471C681EDD7F1600DA1858 /* Waypoint+Firebase.swift */; };
		714CEF411EDBFA4600C13807 /* LoginViewController.swift in Sources */ = {isa = PBXBuildFile; fileRef = 714CEF401EDBFA4600C13807 /* LoginViewController.swift */; };
		714CEF451EDC347100C13807 /* WaypointModel.swift in Sources */ = {isa = PBXBuildFile; fileRef = 714CEF441EDC347100C13807 /* WaypointModel.swift */; };
		F025B3075E195A359CF38FCC /* Pods_DJISimulatorExample.framework in Frameworks */ = {isa = PBXBuildFile; fileRef = 1E79A71C0179FDFEE739801A /* Pods_DJISimulatorExample.framework */; };
/* End PBXBuildFile section */

/* Begin PBXContainerItemProxy section */
		232695AC1EAF9E96003E8C57 /* PBXContainerItemProxy */ = {
			isa = PBXContainerItemProxy;
			containerPortal = 2326958F1EAF9E96003E8C57 /* Project object */;
			proxyType = 1;
			remoteGlobalIDString = 232695961EAF9E96003E8C57;
			remoteInfo = DJISimulatorExample;
		};
		23DB37B81EB0F866001468F9 /* PBXContainerItemProxy */ = {
			isa = PBXContainerItemProxy;
			containerPortal = 23DB37B41EB0F866001468F9 /* VideoPreviewer.xcodeproj */;
			proxyType = 2;
			remoteGlobalIDString = 02A543FD1C3C51CB0083C11B;
			remoteInfo = VideoPreviewer;
		};
		23DB37BC1EB0F883001468F9 /* PBXContainerItemProxy */ = {
			isa = PBXContainerItemProxy;
			containerPortal = 23DB37B41EB0F866001468F9 /* VideoPreviewer.xcodeproj */;
			proxyType = 1;
			remoteGlobalIDString = 02A543FC1C3C51CB0083C11B;
			remoteInfo = VideoPreviewer;
		};
/* End PBXContainerItemProxy section */

/* Begin PBXCopyFilesBuildPhase section */
		23DB37BE1EB0F883001468F9 /* Embed Frameworks */ = {
			isa = PBXCopyFilesBuildPhase;
			buildActionMask = 2147483647;
			dstPath = "";
			dstSubfolderSpec = 10;
			files = (
				23DB37BB1EB0F883001468F9 /* VideoPreviewer.framework in Embed Frameworks */,
			);
			name = "Embed Frameworks";
			runOnlyForDeploymentPostprocessing = 0;
		};
/* End PBXCopyFilesBuildPhase section */

/* Begin PBXFileReference section */
		1E79A71C0179FDFEE739801A /* Pods_DJISimulatorExample.framework */ = {isa = PBXFileReference; explicitFileType = wrapper.framework; includeInIndex = 0; path = Pods_DJISimulatorExample.framework; sourceTree = BUILT_PRODUCTS_DIR; };
		232695971EAF9E96003E8C57 /* DJISimulatorExample.app */ = {isa = PBXFileReference; explicitFileType = wrapper.application; includeInIndex = 0; path = DJISimulatorExample.app; sourceTree = BUILT_PRODUCTS_DIR; };
		2326959A1EAF9E96003E8C57 /* AppDelegate.swift */ = {isa = PBXFileReference; lastKnownFileType = sourcecode.swift; path = AppDelegate.swift; sourceTree = "<group>"; };
		2326959C1EAF9E96003E8C57 /* ViewController.swift */ = {isa = PBXFileReference; lastKnownFileType = sourcecode.swift; path = ViewController.swift; sourceTree = "<group>"; };
		2326959F1EAF9E96003E8C57 /* Base */ = {isa = PBXFileReference; lastKnownFileType = file.storyboard; name = Base; path = Base.lproj/Main.storyboard; sourceTree = "<group>"; };
		232695A11EAF9E96003E8C57 /* Assets.xcassets */ = {isa = PBXFileReference; lastKnownFileType = folder.assetcatalog; path = Assets.xcassets; sourceTree = "<group>"; };
		232695A41EAF9E96003E8C57 /* Base */ = {isa = PBXFileReference; lastKnownFileType = file.storyboard; name = Base; path = Base.lproj/LaunchScreen.storyboard; sourceTree = "<group>"; };
		232695A61EAF9E96003E8C57 /* Info.plist */ = {isa = PBXFileReference; lastKnownFileType = text.plist.xml; path = Info.plist; sourceTree = "<group>"; };
		232695AB1EAF9E96003E8C57 /* DJISimulatorExampleTests.xctest */ = {isa = PBXFileReference; explicitFileType = wrapper.cfbundle; includeInIndex = 0; path = DJISimulatorExampleTests.xctest; sourceTree = BUILT_PRODUCTS_DIR; };
		232695AF1EAF9E96003E8C57 /* DJISimulatorExampleTests.swift */ = {isa = PBXFileReference; lastKnownFileType = sourcecode.swift; path = DJISimulatorExampleTests.swift; sourceTree = "<group>"; };
		232695B11EAF9E96003E8C57 /* Info.plist */ = {isa = PBXFileReference; lastKnownFileType = text.plist.xml; path = Info.plist; sourceTree = "<group>"; };
		23DB37B41EB0F866001468F9 /* VideoPreviewer.xcodeproj */ = {isa = PBXFileReference; lastKnownFileType = "wrapper.pb-project"; name = VideoPreviewer.xcodeproj; path = VideoPreviewer/VideoPreviewer.xcodeproj; sourceTree = "<group>"; };
		23DB37C01EB115F0001468F9 /* ProductCommunicationManager.swift */ = {isa = PBXFileReference; fileEncoding = 4; lastKnownFileType = sourcecode.swift; path = ProductCommunicationManager.swift; sourceTree = "<group>"; };
		6D10710C1EE56EED00AFA377 /* GoogleService-Info.plist */ = {isa = PBXFileReference; fileEncoding = 4; lastKnownFileType = text.plist.xml; path = "GoogleService-Info.plist"; sourceTree = "<group>"; };
		71471C681EDD7F1600DA1858 /* Waypoint+Firebase.swift */ = {isa = PBXFileReference; fileEncoding = 4; lastKnownFileType = sourcecode.swift; path = "Waypoint+Firebase.swift"; sourceTree = "<group>"; };
		714CEF401EDBFA4600C13807 /* LoginViewController.swift */ = {isa = PBXFileReference; fileEncoding = 4; lastKnownFileType = sourcecode.swift; path = LoginViewController.swift; sourceTree = "<group>"; };
		714CEF441EDC347100C13807 /* WaypointModel.swift */ = {isa = PBXFileReference; fileEncoding = 4; lastKnownFileType = sourcecode.swift; path = WaypointModel.swift; sourceTree = "<group>"; };
		E94F7FC4C4B6249A3ECA2448 /* Pods-DJISimulatorExample.debug.xcconfig */ = {isa = PBXFileReference; includeInIndex = 1; lastKnownFileType = text.xcconfig; name = "Pods-DJISimulatorExample.debug.xcconfig"; path = "Pods/Target Support Files/Pods-DJISimulatorExample/Pods-DJISimulatorExample.debug.xcconfig"; sourceTree = "<group>"; };
		EE113D8EA3B2078E627C045D /* Pods-DJISimulatorExample.release.xcconfig */ = {isa = PBXFileReference; includeInIndex = 1; lastKnownFileType = text.xcconfig; name = "Pods-DJISimulatorExample.release.xcconfig"; path = "Pods/Target Support Files/Pods-DJISimulatorExample/Pods-DJISimulatorExample.release.xcconfig"; sourceTree = "<group>"; };
/* End PBXFileReference section */

/* Begin PBXFrameworksBuildPhase section */
		232695941EAF9E96003E8C57 /* Frameworks */ = {
			isa = PBXFrameworksBuildPhase;
			buildActionMask = 2147483647;
			files = (
				23DB37BA1EB0F883001468F9 /* VideoPreviewer.framework in Frameworks */,
				F025B3075E195A359CF38FCC /* Pods_DJISimulatorExample.framework in Frameworks */,
			);
			runOnlyForDeploymentPostprocessing = 0;
		};
		232695A81EAF9E96003E8C57 /* Frameworks */ = {
			isa = PBXFrameworksBuildPhase;
			buildActionMask = 2147483647;
			files = (
			);
			runOnlyForDeploymentPostprocessing = 0;
		};
/* End PBXFrameworksBuildPhase section */

/* Begin PBXGroup section */
		2326958E1EAF9E96003E8C57 = {
			isa = PBXGroup;
			children = (
				232695991EAF9E96003E8C57 /* DJISimulatorExample */,
				232695AE1EAF9E96003E8C57 /* DJISimulatorExampleTests */,
				232695981EAF9E96003E8C57 /* Products */,
				F136B14027F21A9520A3362C /* Pods */,
				35D4B774711BB527FA47697C /* Frameworks */,
			);
			sourceTree = "<group>";
		};
		232695981EAF9E96003E8C57 /* Products */ = {
			isa = PBXGroup;
			children = (
				232695971EAF9E96003E8C57 /* DJISimulatorExample.app */,
				232695AB1EAF9E96003E8C57 /* DJISimulatorExampleTests.xctest */,
			);
			name = Products;
			sourceTree = "<group>";
		};
		232695991EAF9E96003E8C57 /* DJISimulatorExample */ = {
			isa = PBXGroup;
			children = (
				2326959A1EAF9E96003E8C57 /* AppDelegate.swift */,
				714CEF401EDBFA4600C13807 /* LoginViewController.swift */,
				2326959C1EAF9E96003E8C57 /* ViewController.swift */,
				2326959E1EAF9E96003E8C57 /* Main.storyboard */,
				232695A11EAF9E96003E8C57 /* Assets.xcassets */,
				232695A31EAF9E96003E8C57 /* LaunchScreen.storyboard */,
				232695A61EAF9E96003E8C57 /* Info.plist */,
				6D10710C1EE56EED00AFA377 /* GoogleService-Info.plist */,
				23DB37C01EB115F0001468F9 /* ProductCommunicationManager.swift */,
				714CEF441EDC347100C13807 /* WaypointModel.swift */,
				71471C681EDD7F1600DA1858 /* Waypoint+Firebase.swift */,
			);
			path = DJISimulatorExample;
			sourceTree = "<group>";
		};
		232695AE1EAF9E96003E8C57 /* DJISimulatorExampleTests */ = {
			isa = PBXGroup;
			children = (
				232695AF1EAF9E96003E8C57 /* DJISimulatorExampleTests.swift */,
				232695B11EAF9E96003E8C57 /* Info.plist */,
			);
			path = DJISimulatorExampleTests;
			sourceTree = "<group>";
		};
		23DB37B51EB0F866001468F9 /* Products */ = {
			isa = PBXGroup;
			children = (
				23DB37B91EB0F866001468F9 /* VideoPreviewer.framework */,
			);
			name = Products;
			sourceTree = "<group>";
		};
		35D4B774711BB527FA47697C /* Frameworks */ = {
			isa = PBXGroup;
			children = (
				23DB37B41EB0F866001468F9 /* VideoPreviewer.xcodeproj */,
				1E79A71C0179FDFEE739801A /* Pods_DJISimulatorExample.framework */,
			);
			name = Frameworks;
			sourceTree = "<group>";
		};
		F136B14027F21A9520A3362C /* Pods */ = {
			isa = PBXGroup;
			children = (
				E94F7FC4C4B6249A3ECA2448 /* Pods-DJISimulatorExample.debug.xcconfig */,
				EE113D8EA3B2078E627C045D /* Pods-DJISimulatorExample.release.xcconfig */,
			);
			name = Pods;
			sourceTree = "<group>";
		};
/* End PBXGroup section */

/* Begin PBXNativeTarget section */
		232695961EAF9E96003E8C57 /* DJISimulatorExample */ = {
			isa = PBXNativeTarget;
			buildConfigurationList = 232695B41EAF9E96003E8C57 /* Build configuration list for PBXNativeTarget "DJISimulatorExample" */;
			buildPhases = (
				FD10DA60FCED9B81888EE503 /* [CP] Check Pods Manifest.lock */,
				232695931EAF9E96003E8C57 /* Sources */,
				232695941EAF9E96003E8C57 /* Frameworks */,
				232695951EAF9E96003E8C57 /* Resources */,
				388F79F29A32967E60A7FB4D /* [CP] Embed Pods Frameworks */,
				E5E1741FE2CB863C6A0D18BB /* [CP] Copy Pods Resources */,
				23DB37BE1EB0F883001468F9 /* Embed Frameworks */,
			);
			buildRules = (
			);
			dependencies = (
				23DB37BD1EB0F883001468F9 /* PBXTargetDependency */,
			);
			name = DJISimulatorExample;
			productName = DJISimulatorExample;
			productReference = 232695971EAF9E96003E8C57 /* DJISimulatorExample.app */;
			productType = "com.apple.product-type.application";
		};
		232695AA1EAF9E96003E8C57 /* DJISimulatorExampleTests */ = {
			isa = PBXNativeTarget;
			buildConfigurationList = 232695B71EAF9E96003E8C57 /* Build configuration list for PBXNativeTarget "DJISimulatorExampleTests" */;
			buildPhases = (
				232695A71EAF9E96003E8C57 /* Sources */,
				232695A81EAF9E96003E8C57 /* Frameworks */,
				232695A91EAF9E96003E8C57 /* Resources */,
			);
			buildRules = (
			);
			dependencies = (
				232695AD1EAF9E96003E8C57 /* PBXTargetDependency */,
			);
			name = DJISimulatorExampleTests;
			productName = DJISimulatorExampleTests;
			productReference = 232695AB1EAF9E96003E8C57 /* DJISimulatorExampleTests.xctest */;
			productType = "com.apple.product-type.bundle.unit-test";
		};
/* End PBXNativeTarget section */

/* Begin PBXProject section */
		2326958F1EAF9E96003E8C57 /* Project object */ = {
			isa = PBXProject;
			attributes = {
				LastSwiftUpdateCheck = 0820;
				LastUpgradeCheck = 0820;
				ORGANIZATIONNAME = "Unmanned Airlines, LLC";
				TargetAttributes = {
					232695961EAF9E96003E8C57 = {
						CreatedOnToolsVersion = 8.2;
						ProvisioningStyle = Manual;
					};
					232695AA1EAF9E96003E8C57 = {
						CreatedOnToolsVersion = 8.2;
						ProvisioningStyle = Automatic;
						TestTargetID = 232695961EAF9E96003E8C57;
					};
				};
			};
			buildConfigurationList = 232695921EAF9E96003E8C57 /* Build configuration list for PBXProject "DJISimulatorExample" */;
			compatibilityVersion = "Xcode 3.2";
			developmentRegion = English;
			hasScannedForEncodings = 0;
			knownRegions = (
				en,
				Base,
			);
			mainGroup = 2326958E1EAF9E96003E8C57;
			productRefGroup = 232695981EAF9E96003E8C57 /* Products */;
			projectDirPath = "";
			projectReferences = (
				{
					ProductGroup = 23DB37B51EB0F866001468F9 /* Products */;
					ProjectRef = 23DB37B41EB0F866001468F9 /* VideoPreviewer.xcodeproj */;
				},
			);
			projectRoot = "";
			targets = (
				232695961EAF9E96003E8C57 /* DJISimulatorExample */,
				232695AA1EAF9E96003E8C57 /* DJISimulatorExampleTests */,
			);
		};
/* End PBXProject section */

/* Begin PBXReferenceProxy section */
		23DB37B91EB0F866001468F9 /* VideoPreviewer.framework */ = {
			isa = PBXReferenceProxy;
			fileType = wrapper.framework;
			path = VideoPreviewer.framework;
			remoteRef = 23DB37B81EB0F866001468F9 /* PBXContainerItemProxy */;
			sourceTree = BUILT_PRODUCTS_DIR;
		};
/* End PBXReferenceProxy section */

/* Begin PBXResourcesBuildPhase section */
		232695951EAF9E96003E8C57 /* Resources */ = {
			isa = PBXResourcesBuildPhase;
			buildActionMask = 2147483647;
			files = (
				232695A51EAF9E96003E8C57 /* LaunchScreen.storyboard in Resources */,
				6D10710D1EE56EED00AFA377 /* GoogleService-Info.plist in Resources */,
				232695A21EAF9E96003E8C57 /* Assets.xcassets in Resources */,
				232695A01EAF9E96003E8C57 /* Main.storyboard in Resources */,
			);
			runOnlyForDeploymentPostprocessing = 0;
		};
		232695A91EAF9E96003E8C57 /* Resources */ = {
			isa = PBXResourcesBuildPhase;
			buildActionMask = 2147483647;
			files = (
			);
			runOnlyForDeploymentPostprocessing = 0;
		};
/* End PBXResourcesBuildPhase section */

/* Begin PBXShellScriptBuildPhase section */
		388F79F29A32967E60A7FB4D /* [CP] Embed Pods Frameworks */ = {
			isa = PBXShellScriptBuildPhase;
			buildActionMask = 2147483647;
			files = (
			);
			inputPaths = (
			);
			name = "[CP] Embed Pods Frameworks";
			outputPaths = (
			);
			runOnlyForDeploymentPostprocessing = 0;
			shellPath = /bin/sh;
			shellScript = "\"${SRCROOT}/Pods/Target Support Files/Pods-DJISimulatorExample/Pods-DJISimulatorExample-frameworks.sh\"\n";
			showEnvVarsInLog = 0;
		};
		E5E1741FE2CB863C6A0D18BB /* [CP] Copy Pods Resources */ = {
			isa = PBXShellScriptBuildPhase;
			buildActionMask = 2147483647;
			files = (
			);
			inputPaths = (
			);
			name = "[CP] Copy Pods Resources";
			outputPaths = (
			);
			runOnlyForDeploymentPostprocessing = 0;
			shellPath = /bin/sh;
			shellScript = "\"${SRCROOT}/Pods/Target Support Files/Pods-DJISimulatorExample/Pods-DJISimulatorExample-resources.sh\"\n";
			showEnvVarsInLog = 0;
		};
		FD10DA60FCED9B81888EE503 /* [CP] Check Pods Manifest.lock */ = {
			isa = PBXShellScriptBuildPhase;
			buildActionMask = 2147483647;
			files = (
			);
			inputPaths = (
			);
			name = "[CP] Check Pods Manifest.lock";
			outputPaths = (
			);
			runOnlyForDeploymentPostprocessing = 0;
			shellPath = /bin/sh;
			shellScript = "diff \"${PODS_ROOT}/../Podfile.lock\" \"${PODS_ROOT}/Manifest.lock\" > /dev/null\nif [ $? != 0 ] ; then\n    # print error to STDERR\n    echo \"error: The sandbox is not in sync with the Podfile.lock. Run 'pod install' or update your CocoaPods installation.\" >&2\n    exit 1\nfi\n";
			showEnvVarsInLog = 0;
		};
/* End PBXShellScriptBuildPhase section */

/* Begin PBXSourcesBuildPhase section */
		232695931EAF9E96003E8C57 /* Sources */ = {
			isa = PBXSourcesBuildPhase;
			buildActionMask = 2147483647;
			files = (
				714CEF451EDC347100C13807 /* WaypointModel.swift in Sources */,
				71471C691EDD7F1600DA1858 /* Waypoint+Firebase.swift in Sources */,
				714CEF411EDBFA4600C13807 /* LoginViewController.swift in Sources */,
				23DB37C11EB115F0001468F9 /* ProductCommunicationManager.swift in Sources */,
				2326959D1EAF9E96003E8C57 /* ViewController.swift in Sources */,
				2326959B1EAF9E96003E8C57 /* AppDelegate.swift in Sources */,
			);
			runOnlyForDeploymentPostprocessing = 0;
		};
		232695A71EAF9E96003E8C57 /* Sources */ = {
			isa = PBXSourcesBuildPhase;
			buildActionMask = 2147483647;
			files = (
				232695B01EAF9E96003E8C57 /* DJISimulatorExampleTests.swift in Sources */,
			);
			runOnlyForDeploymentPostprocessing = 0;
		};
/* End PBXSourcesBuildPhase section */

/* Begin PBXTargetDependency section */
		232695AD1EAF9E96003E8C57 /* PBXTargetDependency */ = {
			isa = PBXTargetDependency;
			target = 232695961EAF9E96003E8C57 /* DJISimulatorExample */;
			targetProxy = 232695AC1EAF9E96003E8C57 /* PBXContainerItemProxy */;
		};
		23DB37BD1EB0F883001468F9 /* PBXTargetDependency */ = {
			isa = PBXTargetDependency;
			name = VideoPreviewer;
			targetProxy = 23DB37BC1EB0F883001468F9 /* PBXContainerItemProxy */;
		};
/* End PBXTargetDependency section */

/* Begin PBXVariantGroup section */
		2326959E1EAF9E96003E8C57 /* Main.storyboard */ = {
			isa = PBXVariantGroup;
			children = (
				2326959F1EAF9E96003E8C57 /* Base */,
			);
			name = Main.storyboard;
			sourceTree = "<group>";
		};
		232695A31EAF9E96003E8C57 /* LaunchScreen.storyboard */ = {
			isa = PBXVariantGroup;
			children = (
				232695A41EAF9E96003E8C57 /* Base */,
			);
			name = LaunchScreen.storyboard;
			sourceTree = "<group>";
		};
/* End PBXVariantGroup section */

/* Begin XCBuildConfiguration section */
		232695B21EAF9E96003E8C57 /* Debug */ = {
			isa = XCBuildConfiguration;
			buildSettings = {
				ALWAYS_SEARCH_USER_PATHS = NO;
				CLANG_ANALYZER_NONNULL = YES;
				CLANG_CXX_LANGUAGE_STANDARD = "gnu++0x";
				CLANG_CXX_LIBRARY = "libc++";
				CLANG_ENABLE_MODULES = YES;
				CLANG_ENABLE_OBJC_ARC = YES;
				CLANG_WARN_BOOL_CONVERSION = YES;
				CLANG_WARN_CONSTANT_CONVERSION = YES;
				CLANG_WARN_DIRECT_OBJC_ISA_USAGE = YES_ERROR;
				CLANG_WARN_DOCUMENTATION_COMMENTS = YES;
				CLANG_WARN_EMPTY_BODY = YES;
				CLANG_WARN_ENUM_CONVERSION = YES;
				CLANG_WARN_INFINITE_RECURSION = YES;
				CLANG_WARN_INT_CONVERSION = YES;
				CLANG_WARN_OBJC_ROOT_CLASS = YES_ERROR;
				CLANG_WARN_SUSPICIOUS_MOVE = YES;
				CLANG_WARN_UNREACHABLE_CODE = YES;
				CLANG_WARN__DUPLICATE_METHOD_MATCH = YES;
				"CODE_SIGN_IDENTITY[sdk=iphoneos*]" = "iPhone Developer";
				COPY_PHASE_STRIP = NO;
				DEBUG_INFORMATION_FORMAT = dwarf;
				ENABLE_STRICT_OBJC_MSGSEND = YES;
				ENABLE_TESTABILITY = YES;
				GCC_C_LANGUAGE_STANDARD = gnu99;
				GCC_DYNAMIC_NO_PIC = NO;
				GCC_NO_COMMON_BLOCKS = YES;
				GCC_OPTIMIZATION_LEVEL = 0;
				GCC_PREPROCESSOR_DEFINITIONS = (
					"DEBUG=1",
					"$(inherited)",
				);
				GCC_WARN_64_TO_32_BIT_CONVERSION = YES;
				GCC_WARN_ABOUT_RETURN_TYPE = YES_ERROR;
				GCC_WARN_UNDECLARED_SELECTOR = YES;
				GCC_WARN_UNINITIALIZED_AUTOS = YES_AGGRESSIVE;
				GCC_WARN_UNUSED_FUNCTION = YES;
				GCC_WARN_UNUSED_VARIABLE = YES;
				IPHONEOS_DEPLOYMENT_TARGET = 10.2;
				MTL_ENABLE_DEBUG_INFO = YES;
				ONLY_ACTIVE_ARCH = YES;
				SDKROOT = iphoneos;
				SWIFT_ACTIVE_COMPILATION_CONDITIONS = DEBUG;
				SWIFT_OPTIMIZATION_LEVEL = "-Onone";
				TARGETED_DEVICE_FAMILY = "1,2";
			};
			name = Debug;
		};
		232695B31EAF9E96003E8C57 /* Release */ = {
			isa = XCBuildConfiguration;
			buildSettings = {
				ALWAYS_SEARCH_USER_PATHS = NO;
				CLANG_ANALYZER_NONNULL = YES;
				CLANG_CXX_LANGUAGE_STANDARD = "gnu++0x";
				CLANG_CXX_LIBRARY = "libc++";
				CLANG_ENABLE_MODULES = YES;
				CLANG_ENABLE_OBJC_ARC = YES;
				CLANG_WARN_BOOL_CONVERSION = YES;
				CLANG_WARN_CONSTANT_CONVERSION = YES;
				CLANG_WARN_DIRECT_OBJC_ISA_USAGE = YES_ERROR;
				CLANG_WARN_DOCUMENTATION_COMMENTS = YES;
				CLANG_WARN_EMPTY_BODY = YES;
				CLANG_WARN_ENUM_CONVERSION = YES;
				CLANG_WARN_INFINITE_RECURSION = YES;
				CLANG_WARN_INT_CONVERSION = YES;
				CLANG_WARN_OBJC_ROOT_CLASS = YES_ERROR;
				CLANG_WARN_SUSPICIOUS_MOVE = YES;
				CLANG_WARN_UNREACHABLE_CODE = YES;
				CLANG_WARN__DUPLICATE_METHOD_MATCH = YES;
				"CODE_SIGN_IDENTITY[sdk=iphoneos*]" = "iPhone Developer";
				COPY_PHASE_STRIP = NO;
				DEBUG_INFORMATION_FORMAT = "dwarf-with-dsym";
				ENABLE_NS_ASSERTIONS = NO;
				ENABLE_STRICT_OBJC_MSGSEND = YES;
				GCC_C_LANGUAGE_STANDARD = gnu99;
				GCC_NO_COMMON_BLOCKS = YES;
				GCC_WARN_64_TO_32_BIT_CONVERSION = YES;
				GCC_WARN_ABOUT_RETURN_TYPE = YES_ERROR;
				GCC_WARN_UNDECLARED_SELECTOR = YES;
				GCC_WARN_UNINITIALIZED_AUTOS = YES_AGGRESSIVE;
				GCC_WARN_UNUSED_FUNCTION = YES;
				GCC_WARN_UNUSED_VARIABLE = YES;
				IPHONEOS_DEPLOYMENT_TARGET = 10.2;
				MTL_ENABLE_DEBUG_INFO = NO;
				SDKROOT = iphoneos;
				SWIFT_OPTIMIZATION_LEVEL = "-Owholemodule";
				TARGETED_DEVICE_FAMILY = "1,2";
				VALIDATE_PRODUCT = YES;
			};
			name = Release;
		};
		232695B51EAF9E96003E8C57 /* Debug */ = {
			isa = XCBuildConfiguration;
			baseConfigurationReference = E94F7FC4C4B6249A3ECA2448 /* Pods-DJISimulatorExample.debug.xcconfig */;
			buildSettings = {
				ASSETCATALOG_COMPILER_APPICON_NAME = AppIcon;
				DEVELOPMENT_TEAM = "";
				ENABLE_BITCODE = NO;
				HEADER_SEARCH_PATHS = "";
				INFOPLIST_FILE = DJISimulatorExample/Info.plist;
				IPHONEOS_DEPLOYMENT_TARGET = 10.0;
				LD_RUNPATH_SEARCH_PATHS = "$(inherited) @executable_path/Frameworks";
				PRODUCT_BUNDLE_IDENTIFIER = com.unmannedairlines.DJISimulatorExample;
				PRODUCT_NAME = "$(TARGET_NAME)";
				PROVISIONING_PROFILE_SPECIFIER = "";
				SWIFT_VERSION = 3.0;
			};
			name = Debug;
		};
		232695B61EAF9E96003E8C57 /* Release */ = {
			isa = XCBuildConfiguration;
			baseConfigurationReference = EE113D8EA3B2078E627C045D /* Pods-DJISimulatorExample.release.xcconfig */;
			buildSettings = {
				ASSETCATALOG_COMPILER_APPICON_NAME = AppIcon;
				DEVELOPMENT_TEAM = "";
				ENABLE_BITCODE = NO;
				HEADER_SEARCH_PATHS = "";
				INFOPLIST_FILE = DJISimulatorExample/Info.plist;
				IPHONEOS_DEPLOYMENT_TARGET = 10.0;
				LD_RUNPATH_SEARCH_PATHS = "$(inherited) @executable_path/Frameworks";
				PRODUCT_BUNDLE_IDENTIFIER = com.unmannedairlines.DJISimulatorExample;
				PRODUCT_NAME = "$(TARGET_NAME)";
				PROVISIONING_PROFILE_SPECIFIER = "";
				SWIFT_VERSION = 3.0;
			};
			name = Release;
		};
		232695B81EAF9E96003E8C57 /* Debug */ = {
			isa = XCBuildConfiguration;
			buildSettings = {
				ALWAYS_EMBED_SWIFT_STANDARD_LIBRARIES = YES;
				BUNDLE_LOADER = "$(TEST_HOST)";
				INFOPLIST_FILE = DJISimulatorExampleTests/Info.plist;
				LD_RUNPATH_SEARCH_PATHS = "$(inherited) @executable_path/Frameworks @loader_path/Frameworks";
				PRODUCT_BUNDLE_IDENTIFIER = com.unmannedairlines.DJISimulatorExampleTests;
				PRODUCT_NAME = "$(TARGET_NAME)";
				SWIFT_VERSION = 3.0;
				TEST_HOST = "$(BUILT_PRODUCTS_DIR)/DJISimulatorExample.app/DJISimulatorExample";
			};
			name = Debug;
		};
		232695B91EAF9E96003E8C57 /* Release */ = {
			isa = XCBuildConfiguration;
			buildSettings = {
				ALWAYS_EMBED_SWIFT_STANDARD_LIBRARIES = YES;
				BUNDLE_LOADER = "$(TEST_HOST)";
				INFOPLIST_FILE = DJISimulatorExampleTests/Info.plist;
				LD_RUNPATH_SEARCH_PATHS = "$(inherited) @executable_path/Frameworks @loader_path/Frameworks";
				PRODUCT_BUNDLE_IDENTIFIER = com.unmannedairlines.DJISimulatorExampleTests;
				PRODUCT_NAME = "$(TARGET_NAME)";
				SWIFT_VERSION = 3.0;
				TEST_HOST = "$(BUILT_PRODUCTS_DIR)/DJISimulatorExample.app/DJISimulatorExample";
			};
			name = Release;
		};
/* End XCBuildConfiguration section */

/* Begin XCConfigurationList section */
		232695921EAF9E96003E8C57 /* Build configuration list for PBXProject "DJISimulatorExample" */ = {
			isa = XCConfigurationList;
			buildConfigurations = (
				232695B21EAF9E96003E8C57 /* Debug */,
				232695B31EAF9E96003E8C57 /* Release */,
			);
			defaultConfigurationIsVisible = 0;
			defaultConfigurationName = Release;
		};
		232695B41EAF9E96003E8C57 /* Build configuration list for PBXNativeTarget "DJISimulatorExample" */ = {
			isa = XCConfigurationList;
			buildConfigurations = (
				232695B51EAF9E96003E8C57 /* Debug */,
				232695B61EAF9E96003E8C57 /* Release */,
			);
			defaultConfigurationIsVisible = 0;
			defaultConfigurationName = Release;
		};
		232695B71EAF9E96003E8C57 /* Build configuration list for PBXNativeTarget "DJISimulatorExampleTests" */ = {
			isa = XCConfigurationList;
			buildConfigurations = (
				232695B81EAF9E96003E8C57 /* Debug */,
				232695B91EAF9E96003E8C57 /* Release */,
			);
			defaultConfigurationIsVisible = 0;
			defaultConfigurationName = Release;
		};
/* End XCConfigurationList section */
	};
	rootObject = 2326958F1EAF9E96003E8C57 /* Project object */;
}
